{
  "projects": [
    {
      "projectId": "ggKD3RisT9Ubzud33WNkiG",
      "version": "latest",
      "dependencies": {},
      "lang": "js",
      "fileLocks": [
        {
          "type": "globalVariant",
          "assetId": "fWbazDhpHIc_D",
          "checksum": "09edfddf54f84c6ee552d4901b2320d7"
        },
        {
          "assetId": "ggKD3RisT9Ubzud33WNkiG",
          "type": "projectCss",
          "checksum": "b3dcc697e4aa0539f40a3ddd6d87ab4d"
        },
        {
          "type": "renderModule",
          "assetId": "u0sNXC5X5Hnc",
          "checksum": "7878ab2705c4cccca571480fcc694e4f"
        },
        {
          "type": "cssRules",
          "assetId": "u0sNXC5X5Hnc",
          "checksum": "7878ab2705c4cccca571480fcc694e4f"
        },
        {
          "type": "renderModule",
          "assetId": "IaDjY5xN7v",
          "checksum": "44871f2b32a331bbc369d0b4dbf75c03"
        },
        {
          "type": "cssRules",
          "assetId": "IaDjY5xN7v",
          "checksum": "44871f2b32a331bbc369d0b4dbf75c03"
        },
        {
          "type": "renderModule",
          "assetId": "jQ3WjwLWnw",
          "checksum": "30635d391cb1f2e790f73a66dcb42e16"
        },
        {
          "type": "cssRules",
          "assetId": "jQ3WjwLWnw",
          "checksum": "30635d391cb1f2e790f73a66dcb42e16"
        },
        {
          "type": "renderModule",
          "assetId": "k69n-JZyE6",
          "checksum": "5fb2916fdecc324c9b0726368a5c7c69"
        },
        {
          "type": "cssRules",
          "assetId": "k69n-JZyE6",
          "checksum": "5fb2916fdecc324c9b0726368a5c7c69"
        },
        {
          "type": "image",
          "assetId": "W2xDoz7T4",
          "checksum": "43d2edf0c5978d685eb675b3bfc3c1d4"
        }
      ],
      "codegenVersion": "0.0.1"
    }
  ],
  "cliVersion": "0.1.182"
}
