{
  "projects": [
    {
      "projectId": "ggKD3RisT9Ubzud33WNkiG",
      "version": "latest",
      "dependencies": {},
      "lang": "js",
      "fileLocks": [
        {
          "type": "globalVariant",
          "assetId": "fWbazDhpHIc_D",
          "checksum": "09edfddf54f84c6ee552d4901b2320d7"
        },
        {
          "type": "renderModule",
          "assetId": "u0sNXC5X5Hnc",
          "checksum": "9019770ecadea10f6f704fea9c3095a4"
        },
        {
          "type": "cssRules",
          "assetId": "u0sNXC5X5Hnc",
          "checksum": "9019770ecadea10f6f704fea9c3095a4"
        },
        {
          "type": "renderModule",
          "assetId": "IaDjY5xN7v",
          "checksum": "44871f2b32a331bbc369d0b4dbf75c03"
        },
        {
          "type": "cssRules",
          "assetId": "IaDjY5xN7v",
          "checksum": "44871f2b32a331bbc369d0b4dbf75c03"
        },
        {
          "type": "renderModule",
          "assetId": "jQ3WjwLWnw",
          "checksum": "dd476f719b8e4f70c5899ef8116b023d"
        },
        {
          "type": "cssRules",
          "assetId": "jQ3WjwLWnw",
          "checksum": "dd476f719b8e4f70c5899ef8116b023d"
        },
        {
          "type": "renderModule",
          "assetId": "k69n-JZyE6",
          "checksum": "19ab66a07bdee115fe08fafcefdac02a"
        },
        {
          "type": "cssRules",
          "assetId": "k69n-JZyE6",
          "checksum": "19ab66a07bdee115fe08fafcefdac02a"
        },
        {
          "type": "image",
          "assetId": "W2xDoz7T4",
          "checksum": "43d2edf0c5978d685eb675b3bfc3c1d4"
        },
        {
          "assetId": "ggKD3RisT9Ubzud33WNkiG",
          "type": "projectCss",
          "checksum": "5868a9da3206d3369a2faec7d0ccdd73"
        }
      ],
      "codegenVersion": "0.0.1"
    }
  ],
  "cliVersion": "0.1.182"
}
