{
  "projects": [
    {
      "projectId": "ggKD3RisT9Ubzud33WNkiG",
      "version": "latest",
      "dependencies": {
        "xfguyo8p9zs8FxMdioQAoN": "0.1.0",
        "7nJ7UcFmq9UzB6eXfC5z4a": "0.0.2",
        "hjKYmYi6HMwK6TRyk7ew5R": "6.1.6"
      },
      "lang": "js",
      "fileLocks": [
        {
          "type": "renderModule",
          "assetId": "IaDjY5xN7v",
          "checksum": "5475778121d2489aed0b52f1545ad012"
        },
        {
          "type": "cssRules",
          "assetId": "IaDjY5xN7v",
          "checksum": "5475778121d2489aed0b52f1545ad012"
        },
        {
          "type": "image",
          "assetId": "W2xDoz7T4",
          "checksum": "43d2edf0c5978d685eb675b3bfc3c1d4"
        },
        {
          "type": "renderModule",
          "assetId": "kPmElHXrXA",
          "checksum": "384bcc2a7b9ef1f923d5ca461071c623"
        },
        {
          "type": "cssRules",
          "assetId": "kPmElHXrXA",
          "checksum": "384bcc2a7b9ef1f923d5ca461071c623"
        },
        {
          "type": "image",
          "assetId": "a8u4g9p24",
          "checksum": "ef4aa30c7310c6b969a2297bf1425d2f"
        },
        {
          "assetId": "ggKD3RisT9Ubzud33WNkiG",
          "checksum": "222396cf2bd7b965a57a486643893071",
          "type": "globalContexts"
        },
        {
          "type": "renderModule",
          "assetId": "8uLYq857Fx",
          "checksum": "bf1b6fb25a492d5a1fea63fa8f594c0b"
        },
        {
          "type": "cssRules",
          "assetId": "8uLYq857Fx",
          "checksum": "bf1b6fb25a492d5a1fea63fa8f594c0b"
        },
        {
          "type": "renderModule",
          "assetId": "JYReltgUmo",
          "checksum": "e0ed8941e01094101b2ccd325a1f4fc4"
        },
        {
          "type": "cssRules",
          "assetId": "JYReltgUmo",
          "checksum": "e0ed8941e01094101b2ccd325a1f4fc4"
        },
        {
          "type": "renderModule",
          "assetId": "NUEGqpqFkt",
          "checksum": "af03245929006f697bf46d3e20385ec6"
        },
        {
          "type": "cssRules",
          "assetId": "NUEGqpqFkt",
          "checksum": "af03245929006f697bf46d3e20385ec6"
        },
        {
          "type": "renderModule",
          "assetId": "jbimC5mwcH",
          "checksum": "14cab531a714fb5b4f3a6a57b94510cb"
        },
        {
          "type": "cssRules",
          "assetId": "jbimC5mwcH",
          "checksum": "14cab531a714fb5b4f3a6a57b94510cb"
        },
        {
          "type": "renderModule",
          "assetId": "yN0iPoaTD0P",
          "checksum": "ff1412d171a0e270d13549453ef395cb"
        },
        {
          "type": "cssRules",
          "assetId": "yN0iPoaTD0P",
          "checksum": "ff1412d171a0e270d13549453ef395cb"
        },
        {
          "type": "renderModule",
          "assetId": "lgaro2SfB7",
          "checksum": "c11ab6930c3ad71262132023238d6f85"
        },
        {
          "type": "cssRules",
          "assetId": "lgaro2SfB7",
          "checksum": "c11ab6930c3ad71262132023238d6f85"
        },
        {
          "type": "renderModule",
          "assetId": "HFmAu0eVuW",
          "checksum": "1ae57bedb59ae278e9e98beb74cbdde4"
        },
        {
          "type": "cssRules",
          "assetId": "HFmAu0eVuW",
          "checksum": "1ae57bedb59ae278e9e98beb74cbdde4"
        },
        {
          "type": "renderModule",
          "assetId": "1Fr4_fFN1w",
          "checksum": "22fb9314c03448066c61361068d671f3"
        },
        {
          "type": "cssRules",
          "assetId": "1Fr4_fFN1w",
          "checksum": "22fb9314c03448066c61361068d671f3"
        },
        {
          "type": "renderModule",
          "assetId": "QQg6AVsQ0X",
          "checksum": "d6a30033380dedbed7780fa5a4e312a0"
        },
        {
          "type": "cssRules",
          "assetId": "QQg6AVsQ0X",
          "checksum": "d6a30033380dedbed7780fa5a4e312a0"
        },
        {
          "type": "renderModule",
          "assetId": "AHLMP-tgYM",
          "checksum": "be46974e2440c0f491fe223bbb26eb92"
        },
        {
          "type": "cssRules",
          "assetId": "AHLMP-tgYM",
          "checksum": "be46974e2440c0f491fe223bbb26eb92"
        },
        {
          "type": "renderModule",
          "assetId": "RqtriAgyOg",
          "checksum": "a44228b66dc5b9cb87b6b09897db0b94"
        },
        {
          "type": "cssRules",
          "assetId": "RqtriAgyOg",
          "checksum": "a44228b66dc5b9cb87b6b09897db0b94"
        },
        {
          "type": "icon",
          "assetId": "Q8GGippUpY8",
          "checksum": "91f2d66c7b685f5b64057893497c1f01"
        },
        {
          "type": "icon",
          "assetId": "Wm92nBReP3i",
          "checksum": "9bd26fd6b1526ca5b3bbc4dd3cb3d8b8"
        },
        {
          "type": "image",
          "assetId": "dNVFmGcck",
          "checksum": "c6ccd4ce469ed6de44441ba5ba574f66"
        },
        {
          "type": "image",
          "assetId": "YbUDViTqC",
          "checksum": "6c4d9438d2524e8705785ab41cd96759"
        },
        {
          "type": "image",
          "assetId": "dF-Z2rUNZ",
          "checksum": "86a52bb5623776ec8453ba6a972d53c5"
        },
        {
          "type": "image",
          "assetId": "beT5Rcwjg",
          "checksum": "6aa802852fabd55f6aafe103cc28886a"
        },
        {
          "type": "image",
          "assetId": "Up0070lOc",
          "checksum": "2d476f3fcbcd180e4342120c1812a7a1"
        },
        {
          "type": "globalVariant",
          "assetId": "fWbazDhpHIc_D",
          "checksum": "97f37b06dbb0cc58911468560ede1da6"
        },
        {
          "assetId": "ggKD3RisT9Ubzud33WNkiG",
          "type": "projectCss",
          "checksum": "0b1ff3ef2368de6ec387680c8118997a"
        },
        {
          "type": "renderModule",
          "assetId": "LvGLACoIrmm",
          "checksum": "d67fcd3170387de81a52416b8172cffc"
        },
        {
          "type": "cssRules",
          "assetId": "LvGLACoIrmm",
          "checksum": "d67fcd3170387de81a52416b8172cffc"
        },
        {
          "type": "icon",
          "assetId": "DrPWPW85Y_A",
          "checksum": "3b5b63975ebee520196f77b5fb5f7c47"
        }
      ],
      "codegenVersion": "0.0.1"
    },
    {
      "projectId": "xfguyo8p9zs8FxMdioQAoN",
      "version": "0.1.0",
      "dependencies": {},
      "lang": "js",
      "fileLocks": [
        {
          "assetId": "xfguyo8p9zs8FxMdioQAoN",
          "checksum": "27aee2a0215e9a41954bb6a3c9f76295",
          "type": "globalContexts"
        },
        {
          "assetId": "xfguyo8p9zs8FxMdioQAoN",
          "type": "projectCss",
          "checksum": "17010baf328e0f71ad2ab0eaa5a0bd8c"
        }
      ],
      "codegenVersion": "0.0.1"
    },
    {
      "projectId": "hjKYmYi6HMwK6TRyk7ew5R",
      "version": "6.1.6",
      "dependencies": {},
      "lang": "js",
      "fileLocks": [
        {
          "assetId": "hjKYmYi6HMwK6TRyk7ew5R",
          "type": "projectCss",
          "checksum": "6e908f0777e7f1298a1e09b90a019f2d"
        },
        {
          "assetId": "hjKYmYi6HMwK6TRyk7ew5R",
          "checksum": "a5e2e0b0a2e5f40c2713b2640306e5ec",
          "type": "globalContexts"
        }
      ],
      "codegenVersion": "0.0.1"
    },
    {
      "projectId": "7nJ7UcFmq9UzB6eXfC5z4a",
      "version": "0.0.2",
      "dependencies": {},
      "lang": "js",
      "fileLocks": [
        {
          "assetId": "7nJ7UcFmq9UzB6eXfC5z4a",
          "type": "projectCss",
          "checksum": "e32e6210370c8b60b7e9e8537a3a9694"
        }
      ],
      "codegenVersion": "0.0.1"
    }
  ],
  "cliVersion": "0.1.182"
}
